
Microsoft Visual Studio Solution File, Format Version 12.00
# Visual Studio Version 16
VisualStudioVersion = 16.0.31105.61
MinimumVisualStudioVersion = 10.0.40219.1
Project("{8BC9CEB8-8B4A-11D0-8D11-00A0C91BC942}") = "MFCApplication1", "MFCApplication1\MFCApplication1.vcxproj", "{62782740-BD1F-4292-984C-65EB0AFBA5AD}"
EndProject
Global
	GlobalSection(SolutionConfigurationPlatforms) = preSolution
		Debug|x64 = Debug|x64
		Debug|x86 = Debug|x86
		Release|x64 = Release|x64
		Release|x86 = Release|x86
	EndGlobalSection
	GlobalSection(ProjectConfigurationPlatforms) = postSolution
		{62782740-BD1F-4292-984C-65EB0AFBA5AD}.Debug|x64.ActiveCfg = Debug|x64
		{62782740-BD1F-4292-984C-65EB0AFBA5AD}.Debug|x64.Build.0 = Debug|x64
		{62782740-BD1F-4292-984C-65EB0AFBA5AD}.Debug|x86.ActiveCfg = Debug|Win32
		{62782740-BD1F-4292-984C-65EB0AFBA5AD}.Debug|x86.Build.0 = Debug|Win32
		{62782740-BD1F-4292-984C-65EB0AFBA5AD}.Release|x64.ActiveCfg = Release|x64
		{62782740-BD1F-4292-984C-65EB0AFBA5AD}.Release|x64.Build.0 = Release|x64
		{62782740-BD1F-4292-984C-65EB0AFBA5AD}.Release|x86.ActiveCfg = Release|Win32
		{62782740-BD1F-4292-984C-65EB0AFBA5AD}.Release|x86.Build.0 = Release|Win32
	EndGlobalSection
	GlobalSection(SolutionProperties) = preSolution
		HideSolutionNode = FALSE
	EndGlobalSection
	GlobalSection(ExtensibilityGlobals) = postSolution
		SolutionGuid = {F8166C30-2F99-4BE5-93CC-4A356E501C9E}
	EndGlobalSection
EndGlobal
